
Microsoft Visual Studio Solution File, Format Version 12.00
# Visual Studio Version 17
VisualStudioVersion = 17.8.34330.188
MinimumVisualStudioVersion = 10.0.40219.1
Project("{FAE04EC0-301F-11D3-BF4B-00C04F79EFBC}") = "JesterInstantMaxSpeed", "JesterInstantMaxSpeed\JesterInstantMaxSpeed.csproj", "{06EC0DAC-3836-4E0D-BDC4-096CEE0DF17E}"
EndProject
Global
	GlobalSection(SolutionConfigurationPlatforms) = preSolution
		Debug|Any CPU = Debug|Any CPU
		Release|Any CPU = Release|Any CPU
	EndGlobalSection
	GlobalSection(ProjectConfigurationPlatforms) = postSolution
		{06EC0DAC-3836-4E0D-BDC4-096CEE0DF17E}.Debug|Any CPU.ActiveCfg = Debug|Any CPU
		{06EC0DAC-3836-4E0D-BDC4-096CEE0DF17E}.Debug|Any CPU.Build.0 = Debug|Any CPU
		{06EC0DAC-3836-4E0D-BDC4-096CEE0DF17E}.Release|Any CPU.ActiveCfg = Release|Any CPU
		{06EC0DAC-3836-4E0D-BDC4-096CEE0DF17E}.Release|Any CPU.Build.0 = Release|Any CPU
	EndGlobalSection
	GlobalSection(SolutionProperties) = preSolution
		HideSolutionNode = FALSE
	EndGlobalSection
	GlobalSection(ExtensibilityGlobals) = postSolution
		SolutionGuid = {C470E397-8961-4E8E-BD07-23744D55E560}
	EndGlobalSection
EndGlobal
